
Microsoft Visual Studio Solution File, Format Version 11.00
# Visual Studio 2010
Project("{FAE04EC0-301F-11D3-BF4B-00C04F79EFBC}") = "SimpleLayout", "SimpleLayout\SimpleLayout.csproj", "{DA134F7E-8B30-4999-B645-CBC8D69009F7}"
EndProject
Project("{FAE04EC0-301F-11D3-BF4B-00C04F79EFBC}") = "XmlLayout", "XmlLayout\XmlLayout.csproj", "{C8F996E7-B66B-4453-89D2-ED578E17BA34}"
EndProject
Project("{FAE04EC0-301F-11D3-BF4B-00C04F79EFBC}") = "PatternLayout", "PatternLayout\PatternLayout.csproj", "{323AD94E-8833-4FAD-988D-9DAF9AF5BCB4}"
EndProject
Project("{FAE04EC0-301F-11D3-BF4B-00C04F79EFBC}") = "RawLayout", "RawLayout\RawLayout.csproj", "{9846697D-8C2A-487B-8C74-95454067DA4F}"
EndProject
Project("{FAE04EC0-301F-11D3-BF4B-00C04F79EFBC}") = "RawLayout2", "RawLayout2\RawLayout2.csproj", "{96E06DD8-8D9F-4188-9DCF-31440816BD0C}"
EndProject
Project("{2150E333-8FDC-42A3-9474-1A3956D46DE8}") = ".nuget", ".nuget", "{AEF9DB76-5622-4F92-B93C-45C75985A236}"
	ProjectSection(SolutionItems) = preProject
		.nuget\NuGet.Config = .nuget\NuGet.Config
		.nuget\NuGet.exe = .nuget\NuGet.exe
		.nuget\NuGet.targets = .nuget\NuGet.targets
	EndProjectSection
EndProject
Global
	GlobalSection(SolutionConfigurationPlatforms) = preSolution
		Debug|Any CPU = Debug|Any CPU
		Debug|Mixed Platforms = Debug|Mixed Platforms
		Debug|x86 = Debug|x86
		Release|Any CPU = Release|Any CPU
		Release|Mixed Platforms = Release|Mixed Platforms
		Release|x86 = Release|x86
	EndGlobalSection
	GlobalSection(ProjectConfigurationPlatforms) = postSolution
		{DA134F7E-8B30-4999-B645-CBC8D69009F7}.Debug|Any CPU.ActiveCfg = Debug|x86
		{DA134F7E-8B30-4999-B645-CBC8D69009F7}.Debug|Mixed Platforms.ActiveCfg = Debug|x86
		{DA134F7E-8B30-4999-B645-CBC8D69009F7}.Debug|Mixed Platforms.Build.0 = Debug|x86
		{DA134F7E-8B30-4999-B645-CBC8D69009F7}.Debug|x86.ActiveCfg = Debug|x86
		{DA134F7E-8B30-4999-B645-CBC8D69009F7}.Debug|x86.Build.0 = Debug|x86
		{DA134F7E-8B30-4999-B645-CBC8D69009F7}.Release|Any CPU.ActiveCfg = Release|x86
		{DA134F7E-8B30-4999-B645-CBC8D69009F7}.Release|Mixed Platforms.ActiveCfg = Release|x86
		{DA134F7E-8B30-4999-B645-CBC8D69009F7}.Release|Mixed Platforms.Build.0 = Release|x86
		{DA134F7E-8B30-4999-B645-CBC8D69009F7}.Release|x86.ActiveCfg = Release|x86
		{DA134F7E-8B30-4999-B645-CBC8D69009F7}.Release|x86.Build.0 = Release|x86
		{C8F996E7-B66B-4453-89D2-ED578E17BA34}.Debug|Any CPU.ActiveCfg = Debug|x86
		{C8F996E7-B66B-4453-89D2-ED578E17BA34}.Debug|Mixed Platforms.ActiveCfg = Debug|x86
		{C8F996E7-B66B-4453-89D2-ED578E17BA34}.Debug|Mixed Platforms.Build.0 = Debug|x86
		{C8F996E7-B66B-4453-89D2-ED578E17BA34}.Debug|x86.ActiveCfg = Debug|x86
		{C8F996E7-B66B-4453-89D2-ED578E17BA34}.Debug|x86.Build.0 = Debug|x86
		{C8F996E7-B66B-4453-89D2-ED578E17BA34}.Release|Any CPU.ActiveCfg = Release|x86
		{C8F996E7-B66B-4453-89D2-ED578E17BA34}.Release|Mixed Platforms.ActiveCfg = Release|x86
		{C8F996E7-B66B-4453-89D2-ED578E17BA34}.Release|Mixed Platforms.Build.0 = Release|x86
		{C8F996E7-B66B-4453-89D2-ED578E17BA34}.Release|x86.ActiveCfg = Release|x86
		{C8F996E7-B66B-4453-89D2-ED578E17BA34}.Release|x86.Build.0 = Release|x86
		{323AD94E-8833-4FAD-988D-9DAF9AF5BCB4}.Debug|Any CPU.ActiveCfg = Debug|x86
		{323AD94E-8833-4FAD-988D-9DAF9AF5BCB4}.Debug|Mixed Platforms.ActiveCfg = Debug|x86
		{323AD94E-8833-4FAD-988D-9DAF9AF5BCB4}.Debug|Mixed Platforms.Build.0 = Debug|x86
		{323AD94E-8833-4FAD-988D-9DAF9AF5BCB4}.Debug|x86.ActiveCfg = Debug|x86
		{323AD94E-8833-4FAD-988D-9DAF9AF5BCB4}.Debug|x86.Build.0 = Debug|x86
		{323AD94E-8833-4FAD-988D-9DAF9AF5BCB4}.Release|Any CPU.ActiveCfg = Release|x86
		{323AD94E-8833-4FAD-988D-9DAF9AF5BCB4}.Release|Mixed Platforms.ActiveCfg = Release|x86
		{323AD94E-8833-4FAD-988D-9DAF9AF5BCB4}.Release|Mixed Platforms.Build.0 = Release|x86
		{323AD94E-8833-4FAD-988D-9DAF9AF5BCB4}.Release|x86.ActiveCfg = Release|x86
		{323AD94E-8833-4FAD-988D-9DAF9AF5BCB4}.Release|x86.Build.0 = Release|x86
		{9846697D-8C2A-487B-8C74-95454067DA4F}.Debug|Any CPU.ActiveCfg = Debug|x86
		{9846697D-8C2A-487B-8C74-95454067DA4F}.Debug|Mixed Platforms.ActiveCfg = Debug|x86
		{9846697D-8C2A-487B-8C74-95454067DA4F}.Debug|Mixed Platforms.Build.0 = Debug|x86
		{9846697D-8C2A-487B-8C74-95454067DA4F}.Debug|x86.ActiveCfg = Debug|x86
		{9846697D-8C2A-487B-8C74-95454067DA4F}.Debug|x86.Build.0 = Debug|x86
		{9846697D-8C2A-487B-8C74-95454067DA4F}.Release|Any CPU.ActiveCfg = Release|x86
		{9846697D-8C2A-487B-8C74-95454067DA4F}.Release|Mixed Platforms.ActiveCfg = Release|x86
		{9846697D-8C2A-487B-8C74-95454067DA4F}.Release|Mixed Platforms.Build.0 = Release|x86
		{9846697D-8C2A-487B-8C74-95454067DA4F}.Release|x86.ActiveCfg = Release|x86
		{9846697D-8C2A-487B-8C74-95454067DA4F}.Release|x86.Build.0 = Release|x86
		{96E06DD8-8D9F-4188-9DCF-31440816BD0C}.Debug|Any CPU.ActiveCfg = Debug|x86
		{96E06DD8-8D9F-4188-9DCF-31440816BD0C}.Debug|Mixed Platforms.ActiveCfg = Debug|x86
		{96E06DD8-8D9F-4188-9DCF-31440816BD0C}.Debug|Mixed Platforms.Build.0 = Debug|x86
		{96E06DD8-8D9F-4188-9DCF-31440816BD0C}.Debug|x86.ActiveCfg = Debug|x86
		{96E06DD8-8D9F-4188-9DCF-31440816BD0C}.Debug|x86.Build.0 = Debug|x86
		{96E06DD8-8D9F-4188-9DCF-31440816BD0C}.Release|Any CPU.ActiveCfg = Release|x86
		{96E06DD8-8D9F-4188-9DCF-31440816BD0C}.Release|Mixed Platforms.ActiveCfg = Release|x86
		{96E06DD8-8D9F-4188-9DCF-31440816BD0C}.Release|Mixed Platforms.Build.0 = Release|x86
		{96E06DD8-8D9F-4188-9DCF-31440816BD0C}.Release|x86.ActiveCfg = Release|x86
		{96E06DD8-8D9F-4188-9DCF-31440816BD0C}.Release|x86.Build.0 = Release|x86
	EndGlobalSection
	GlobalSection(SolutionProperties) = preSolution
		HideSolutionNode = FALSE
	EndGlobalSection
EndGlobal
