
Microsoft Visual Studio Solution File, Format Version 11.00
# Visual Studio 2010
Project("{FAE04EC0-301F-11D3-BF4B-00C04F79EFBC}") = "Common", "Common\Common.csproj", "{50329EF8-9CC9-4C70-81C8-ED97AAD02AF2}"
EndProject
Project("{2150E333-8FDC-42A3-9474-1A3956D46DE8}") = ".nuget", ".nuget", "{352A90D8-A872-44FC-A2B0-94AF001242F5}"
	ProjectSection(SolutionItems) = preProject
		.nuget\NuGet.Config = .nuget\NuGet.Config
		.nuget\NuGet.exe = .nuget\NuGet.exe
		.nuget\NuGet.targets = .nuget\NuGet.targets
	EndProjectSection
EndProject
Project("{FAE04EC0-301F-11D3-BF4B-00C04F79EFBC}") = "LoggingDecorators", "LoggingWithObjectPatterns\LoggingDecorators.csproj", "{A46DB1F1-BE46-4C56-98BF-B5017B05975F}"
EndProject
Project("{FAE04EC0-301F-11D3-BF4B-00C04F79EFBC}") = "AOP", "AOP\AOP.csproj", "{3E442BE3-165E-4C4B-9DAA-E2FCD79A5B9D}"
EndProject
Project("{FAE04EC0-301F-11D3-BF4B-00C04F79EFBC}") = "DeferredLogging", "DeferredLogging\DeferredLogging.csproj", "{B9C80BEE-6F93-4D55-B83E-3C016D986928}"
EndProject
Project("{FAE04EC0-301F-11D3-BF4B-00C04F79EFBC}") = "GenericLogManager", "GenericLogManager\GenericLogManager.csproj", "{F1531BBE-A88B-46E8-B9F5-E4B533611919}"
EndProject
Project("{FAE04EC0-301F-11D3-BF4B-00C04F79EFBC}") = "LoggerOnDemand", "LoggerOnDemand\LoggerOnDemand.csproj", "{F26F3B85-1CF1-4302-A032-AAEDD2F8B038}"
EndProject
Project("{FAE04EC0-301F-11D3-BF4B-00C04F79EFBC}") = "LoggingDisposableActivity", "LoggingDisposableActivity\LoggingDisposableActivity.csproj", "{DFE12593-1A88-4880-BB22-EBF62F35B080}"
EndProject
Global
	GlobalSection(SolutionConfigurationPlatforms) = preSolution
		Debug|Any CPU = Debug|Any CPU
		Debug|Mixed Platforms = Debug|Mixed Platforms
		Debug|x86 = Debug|x86
		Release|Any CPU = Release|Any CPU
		Release|Mixed Platforms = Release|Mixed Platforms
		Release|x86 = Release|x86
	EndGlobalSection
	GlobalSection(ProjectConfigurationPlatforms) = postSolution
		{50329EF8-9CC9-4C70-81C8-ED97AAD02AF2}.Debug|Any CPU.ActiveCfg = Debug|Any CPU
		{50329EF8-9CC9-4C70-81C8-ED97AAD02AF2}.Debug|Any CPU.Build.0 = Debug|Any CPU
		{50329EF8-9CC9-4C70-81C8-ED97AAD02AF2}.Debug|Mixed Platforms.ActiveCfg = Debug|Any CPU
		{50329EF8-9CC9-4C70-81C8-ED97AAD02AF2}.Debug|Mixed Platforms.Build.0 = Debug|Any CPU
		{50329EF8-9CC9-4C70-81C8-ED97AAD02AF2}.Debug|x86.ActiveCfg = Debug|Any CPU
		{50329EF8-9CC9-4C70-81C8-ED97AAD02AF2}.Release|Any CPU.ActiveCfg = Release|Any CPU
		{50329EF8-9CC9-4C70-81C8-ED97AAD02AF2}.Release|Any CPU.Build.0 = Release|Any CPU
		{50329EF8-9CC9-4C70-81C8-ED97AAD02AF2}.Release|Mixed Platforms.ActiveCfg = Release|Any CPU
		{50329EF8-9CC9-4C70-81C8-ED97AAD02AF2}.Release|Mixed Platforms.Build.0 = Release|Any CPU
		{50329EF8-9CC9-4C70-81C8-ED97AAD02AF2}.Release|x86.ActiveCfg = Release|Any CPU
		{A46DB1F1-BE46-4C56-98BF-B5017B05975F}.Debug|Any CPU.ActiveCfg = Debug|Any CPU
		{A46DB1F1-BE46-4C56-98BF-B5017B05975F}.Debug|Any CPU.Build.0 = Debug|Any CPU
		{A46DB1F1-BE46-4C56-98BF-B5017B05975F}.Debug|Mixed Platforms.ActiveCfg = Debug|Any CPU
		{A46DB1F1-BE46-4C56-98BF-B5017B05975F}.Debug|Mixed Platforms.Build.0 = Debug|Any CPU
		{A46DB1F1-BE46-4C56-98BF-B5017B05975F}.Debug|x86.ActiveCfg = Debug|Any CPU
		{A46DB1F1-BE46-4C56-98BF-B5017B05975F}.Release|Any CPU.ActiveCfg = Release|Any CPU
		{A46DB1F1-BE46-4C56-98BF-B5017B05975F}.Release|Any CPU.Build.0 = Release|Any CPU
		{A46DB1F1-BE46-4C56-98BF-B5017B05975F}.Release|Mixed Platforms.ActiveCfg = Release|Any CPU
		{A46DB1F1-BE46-4C56-98BF-B5017B05975F}.Release|Mixed Platforms.Build.0 = Release|Any CPU
		{A46DB1F1-BE46-4C56-98BF-B5017B05975F}.Release|x86.ActiveCfg = Release|Any CPU
		{3E442BE3-165E-4C4B-9DAA-E2FCD79A5B9D}.Debug|Any CPU.ActiveCfg = Debug|x86
		{3E442BE3-165E-4C4B-9DAA-E2FCD79A5B9D}.Debug|Mixed Platforms.ActiveCfg = Debug|x86
		{3E442BE3-165E-4C4B-9DAA-E2FCD79A5B9D}.Debug|Mixed Platforms.Build.0 = Debug|x86
		{3E442BE3-165E-4C4B-9DAA-E2FCD79A5B9D}.Debug|x86.ActiveCfg = Debug|x86
		{3E442BE3-165E-4C4B-9DAA-E2FCD79A5B9D}.Debug|x86.Build.0 = Debug|x86
		{3E442BE3-165E-4C4B-9DAA-E2FCD79A5B9D}.Release|Any CPU.ActiveCfg = Release|x86
		{3E442BE3-165E-4C4B-9DAA-E2FCD79A5B9D}.Release|Mixed Platforms.ActiveCfg = Release|x86
		{3E442BE3-165E-4C4B-9DAA-E2FCD79A5B9D}.Release|Mixed Platforms.Build.0 = Release|x86
		{3E442BE3-165E-4C4B-9DAA-E2FCD79A5B9D}.Release|x86.ActiveCfg = Release|x86
		{3E442BE3-165E-4C4B-9DAA-E2FCD79A5B9D}.Release|x86.Build.0 = Release|x86
		{B9C80BEE-6F93-4D55-B83E-3C016D986928}.Debug|Any CPU.ActiveCfg = Debug|x86
		{B9C80BEE-6F93-4D55-B83E-3C016D986928}.Debug|Mixed Platforms.ActiveCfg = Debug|x86
		{B9C80BEE-6F93-4D55-B83E-3C016D986928}.Debug|Mixed Platforms.Build.0 = Debug|x86
		{B9C80BEE-6F93-4D55-B83E-3C016D986928}.Debug|x86.ActiveCfg = Debug|x86
		{B9C80BEE-6F93-4D55-B83E-3C016D986928}.Debug|x86.Build.0 = Debug|x86
		{B9C80BEE-6F93-4D55-B83E-3C016D986928}.Release|Any CPU.ActiveCfg = Release|x86
		{B9C80BEE-6F93-4D55-B83E-3C016D986928}.Release|Mixed Platforms.ActiveCfg = Release|x86
		{B9C80BEE-6F93-4D55-B83E-3C016D986928}.Release|Mixed Platforms.Build.0 = Release|x86
		{B9C80BEE-6F93-4D55-B83E-3C016D986928}.Release|x86.ActiveCfg = Release|x86
		{B9C80BEE-6F93-4D55-B83E-3C016D986928}.Release|x86.Build.0 = Release|x86
		{F1531BBE-A88B-46E8-B9F5-E4B533611919}.Debug|Any CPU.ActiveCfg = Debug|x86
		{F1531BBE-A88B-46E8-B9F5-E4B533611919}.Debug|Mixed Platforms.ActiveCfg = Debug|x86
		{F1531BBE-A88B-46E8-B9F5-E4B533611919}.Debug|Mixed Platforms.Build.0 = Debug|x86
		{F1531BBE-A88B-46E8-B9F5-E4B533611919}.Debug|x86.ActiveCfg = Debug|x86
		{F1531BBE-A88B-46E8-B9F5-E4B533611919}.Debug|x86.Build.0 = Debug|x86
		{F1531BBE-A88B-46E8-B9F5-E4B533611919}.Release|Any CPU.ActiveCfg = Release|x86
		{F1531BBE-A88B-46E8-B9F5-E4B533611919}.Release|Mixed Platforms.ActiveCfg = Release|x86
		{F1531BBE-A88B-46E8-B9F5-E4B533611919}.Release|Mixed Platforms.Build.0 = Release|x86
		{F1531BBE-A88B-46E8-B9F5-E4B533611919}.Release|x86.ActiveCfg = Release|x86
		{F1531BBE-A88B-46E8-B9F5-E4B533611919}.Release|x86.Build.0 = Release|x86
		{F26F3B85-1CF1-4302-A032-AAEDD2F8B038}.Debug|Any CPU.ActiveCfg = Debug|x86
		{F26F3B85-1CF1-4302-A032-AAEDD2F8B038}.Debug|Mixed Platforms.ActiveCfg = Debug|x86
		{F26F3B85-1CF1-4302-A032-AAEDD2F8B038}.Debug|Mixed Platforms.Build.0 = Debug|x86
		{F26F3B85-1CF1-4302-A032-AAEDD2F8B038}.Debug|x86.ActiveCfg = Debug|x86
		{F26F3B85-1CF1-4302-A032-AAEDD2F8B038}.Debug|x86.Build.0 = Debug|x86
		{F26F3B85-1CF1-4302-A032-AAEDD2F8B038}.Release|Any CPU.ActiveCfg = Release|x86
		{F26F3B85-1CF1-4302-A032-AAEDD2F8B038}.Release|Mixed Platforms.ActiveCfg = Release|x86
		{F26F3B85-1CF1-4302-A032-AAEDD2F8B038}.Release|Mixed Platforms.Build.0 = Release|x86
		{F26F3B85-1CF1-4302-A032-AAEDD2F8B038}.Release|x86.ActiveCfg = Release|x86
		{F26F3B85-1CF1-4302-A032-AAEDD2F8B038}.Release|x86.Build.0 = Release|x86
		{DFE12593-1A88-4880-BB22-EBF62F35B080}.Debug|Any CPU.ActiveCfg = Debug|x86
		{DFE12593-1A88-4880-BB22-EBF62F35B080}.Debug|Mixed Platforms.ActiveCfg = Debug|x86
		{DFE12593-1A88-4880-BB22-EBF62F35B080}.Debug|Mixed Platforms.Build.0 = Debug|x86
		{DFE12593-1A88-4880-BB22-EBF62F35B080}.Debug|x86.ActiveCfg = Debug|x86
		{DFE12593-1A88-4880-BB22-EBF62F35B080}.Debug|x86.Build.0 = Debug|x86
		{DFE12593-1A88-4880-BB22-EBF62F35B080}.Release|Any CPU.ActiveCfg = Release|x86
		{DFE12593-1A88-4880-BB22-EBF62F35B080}.Release|Mixed Platforms.ActiveCfg = Release|x86
		{DFE12593-1A88-4880-BB22-EBF62F35B080}.Release|Mixed Platforms.Build.0 = Release|x86
		{DFE12593-1A88-4880-BB22-EBF62F35B080}.Release|x86.ActiveCfg = Release|x86
		{DFE12593-1A88-4880-BB22-EBF62F35B080}.Release|x86.Build.0 = Release|x86
	EndGlobalSection
	GlobalSection(SolutionProperties) = preSolution
		HideSolutionNode = FALSE
	EndGlobalSection
EndGlobal
